PODS:
  - JLRoutes (2.0)
  - MSRoutes (1.0.0):
    - JLRoutes

DEPENDENCIES:
  - MSRoutes (from `../`)

EXTERNAL SOURCES:
  MSRoutes:
    :path: "../"

SPEC CHECKSUMS:
  JLRoutes: 0bead23690bafa726e1528aa6459a56c9b81cb5e
  MSRoutes: 7e065489de56387c59d9641087b29cb831af27f3

PODFILE CHECKSUM: 67d04d352450daa756fb5125518b01c289d1e415

COCOAPODS: 1.1.1
