PODS:
  - JLRoutes (2.0.5)
  - MSRoutes (1.2.1):
    - MSRoutes/RouteFinder (= 1.2.1)
    - MSRoutes/Routes (= 1.2.1)
  - MSRoutes/RouteFinder (1.2.1):
    - MSRoutes/Routes
  - MSRoutes/Routes (1.2.1):
    - JLRoutes

DEPENDENCIES:
  - MSRoutes (from `../`)

EXTERNAL SOURCES:
  MSRoutes:
    :path: "../"

SPEC CHECKSUMS:
  JLRoutes: 2a5ee61d739b51a98c9d8112bee5149a19de8854
  MSRoutes: da857f37f47b0a4289538c4af8b959efc805e27b

PODFILE CHECKSUM: 9b4d1dc959f1bb3260e3320c691b691cb86db167

COCOAPODS: 1.1.1
